{
    "_meta": {
        "hash": {
            "sha256": "23d27ff2d468c8a366c98a4fe3f5cb27ffc99c8f7f6d4ee5e5cecca14079891e"
        },
        "pipfile-spec": 6,
        "requires": {
            "python_version": "3.8"
        },
        "sources": [
            {
                "name": "pypi",
                "url": "https://pypi.org/simple",
                "verify_ssl": true
            }
        ]
    },
    "default": {
        "django-nested-admin": {
            "hashes": [
                "sha256:440d06055d5c114b354c6bbd040ab878a1bfbea02692cb40ec8fd1e5a071e99b",
                "sha256:f1773c4d1be0a19e4b7a510734e88b81f551f831ed7b0641f63ad13cef3ee08c"
            ],
            "index": "pypi",
            "version": "==3.3.3"
        },
        "python-monkey-business": {
            "hashes": [
                "sha256:6d4cf47f011945db838ccf04643acd49b82f7ad6ab7ecba4c8165385687a828a",
                "sha256:9976522989766f00b2aaa24ec96eacb91a6de7b7001d1452079323b071988e0e"
            ],
            "version": "==1.0.0"
        },
        "six": {
            "hashes": [
                "sha256:30639c035cdb23534cd4aa2dd52c3bf48f06e5f4a941509c8bafd8ce11080259",
                "sha256:8b74bedcbbbaca38ff6d7491d76f2b06b3592611af620f8426e82dddb04a5ced"
            ],
            "markers": "python_version >= '2.7' and python_version not in '3.0, 3.1, 3.2'",
            "version": "==1.15.0"
        }
    },
    "develop": {}
}
